
Microsoft Visual Studio Solution File, Format Version 12.00
# Visual Studio Version 17
VisualStudioVersion = 17.11.35222.181
MinimumVisualStudioVersion = 10.0.40219.1
Project("{FAE04EC0-301F-11D3-BF4B-00C04F79EFBC}") = "ConsoleApp1", "ConsoleApp1.csproj", "{3ACCC928-3263-4BEA-B36A-35AD2A88BA1B}"
EndProject
Global
	GlobalSection(SolutionConfigurationPlatforms) = preSolution
		Debug|Any CPU = Debug|Any CPU
		Release|Any CPU = Release|Any CPU
	EndGlobalSection
	GlobalSection(ProjectConfigurationPlatforms) = postSolution
		{3ACCC928-3263-4BEA-B36A-35AD2A88BA1B}.Debug|Any CPU.ActiveCfg = Debug|Any CPU
		{3ACCC928-3263-4BEA-B36A-35AD2A88BA1B}.Debug|Any CPU.Build.0 = Debug|Any CPU
		{3ACCC928-3263-4BEA-B36A-35AD2A88BA1B}.Release|Any CPU.ActiveCfg = Release|Any CPU
		{3ACCC928-3263-4BEA-B36A-35AD2A88BA1B}.Release|Any CPU.Build.0 = Release|Any CPU
	EndGlobalSection
	GlobalSection(SolutionProperties) = preSolution
		HideSolutionNode = FALSE
	EndGlobalSection
	GlobalSection(ExtensibilityGlobals) = postSolution
		SolutionGuid = {DF1E3CC3-551E-4FEB-B39F-FCF7C4F9AAC5}
	EndGlobalSection
EndGlobal
